[[package]]
name = "aho-corasick"
version = "0.6.3"
source = "registry+https://github.com/rust-lang/crates.io-index"
dependencies = [
 "memchr 1.0.1 (registry+https://github.com/rust-lang/crates.io-index)",
]

[[package]]
name = "ansi_term"
version = "0.9.0"
source = "registry+https://github.com/rust-lang/crates.io-index"

[[package]]
name = "atty"
version = "0.2.2"
source = "registry+https://github.com/rust-lang/crates.io-index"
dependencies = [
 "kernel32-sys 0.2.2 (registry+https://github.com/rust-lang/crates.io-index)",
 "libc 0.2.28 (registry+https://github.com/rust-lang/crates.io-index)",
 "winapi 0.2.8 (registry+https://github.com/rust-lang/crates.io-index)",
]

[[package]]
name = "bitflags"
version = "0.7.0"
source = "registry+https://github.com/rust-lang/crates.io-index"

[[package]]
name = "bitflags"
version = "0.9.1"
source = "registry+https://github.com/rust-lang/crates.io-index"

[[package]]
name = "blake2-rfc"
version = "0.2.17"
source = "registry+https://github.com/rust-lang/crates.io-index"
dependencies = [
 "constant_time_eq 0.1.2 (registry+https://github.com/rust-lang/crates.io-index)",
]

[[package]]
name = "byteorder"
version = "1.1.0"
source = "registry+https://github.com/rust-lang/crates.io-index"

[[package]]
name = "chrono"
version = "0.4.0"
source = "registry+https://github.com/rust-lang/crates.io-index"
dependencies = [
 "num 0.1.40 (registry+https://github.com/rust-lang/crates.io-index)",
 "time 0.1.38 (registry+https://github.com/rust-lang/crates.io-index)",
]

[[package]]
name = "chunking"
version = "0.1.0"
dependencies = [
 "quick-error 1.2.0 (registry+https://github.com/rust-lang/crates.io-index)",
]

[[package]]
name = "clap"
version = "2.26.0"
source = "registry+https://github.com/rust-lang/crates.io-index"
dependencies = [
 "ansi_term 0.9.0 (registry+https://github.com/rust-lang/crates.io-index)",
 "atty 0.2.2 (registry+https://github.com/rust-lang/crates.io-index)",
 "bitflags 0.9.1 (registry+https://github.com/rust-lang/crates.io-index)",
 "strsim 0.6.0 (registry+https://github.com/rust-lang/crates.io-index)",
 "term_size 0.3.0 (registry+https://github.com/rust-lang/crates.io-index)",
 "textwrap 0.7.0 (registry+https://github.com/rust-lang/crates.io-index)",
 "unicode-segmentation 1.2.0 (registry+https://github.com/rust-lang/crates.io-index)",
 "unicode-width 0.1.4 (registry+https://github.com/rust-lang/crates.io-index)",
 "vec_map 0.8.0 (registry+https://github.com/rust-lang/crates.io-index)",
]

[[package]]
name = "constant_time_eq"
version = "0.1.2"
source = "registry+https://github.com/rust-lang/crates.io-index"

[[package]]
name = "conv"
version = "0.3.3"
source = "registry+https://github.com/rust-lang/crates.io-index"
dependencies = [
 "custom_derive 0.1.7 (registry+https://github.com/rust-lang/crates.io-index)",
]

[[package]]
name = "crossbeam"
version = "0.2.10"
source = "registry+https://github.com/rust-lang/crates.io-index"

[[package]]
name = "custom_derive"
version = "0.1.7"
source = "registry+https://github.com/rust-lang/crates.io-index"

[[package]]
name = "filetime"
version = "0.1.10"
source = "registry+https://github.com/rust-lang/crates.io-index"
dependencies = [
 "libc 0.2.28 (registry+https://github.com/rust-lang/crates.io-index)",
]

[[package]]
name = "fuse"
version = "0.3.0"
source = "registry+https://github.com/rust-lang/crates.io-index"
dependencies = [
 "libc 0.2.28 (registry+https://github.com/rust-lang/crates.io-index)",
 "log 0.3.8 (registry+https://github.com/rust-lang/crates.io-index)",
 "pkg-config 0.3.9 (registry+https://github.com/rust-lang/crates.io-index)",
 "thread-scoped 1.0.2 (registry+https://github.com/rust-lang/crates.io-index)",
 "time 0.1.38 (registry+https://github.com/rust-lang/crates.io-index)",
]

[[package]]
name = "index"
version = "0.1.0"
dependencies = [
 "mmap 0.1.1 (registry+https://github.com/rust-lang/crates.io-index)",
 "quick-error 1.2.0 (registry+https://github.com/rust-lang/crates.io-index)",
]

[[package]]
name = "kernel32-sys"
version = "0.2.2"
source = "registry+https://github.com/rust-lang/crates.io-index"
dependencies = [
 "winapi 0.2.8 (registry+https://github.com/rust-lang/crates.io-index)",
 "winapi-build 0.1.1 (registry+https://github.com/rust-lang/crates.io-index)",
]

[[package]]
name = "lazy_static"
version = "0.2.8"
source = "registry+https://github.com/rust-lang/crates.io-index"

[[package]]
name = "libc"
version = "0.1.12"
source = "registry+https://github.com/rust-lang/crates.io-index"

[[package]]
name = "libc"
version = "0.2.28"
source = "registry+https://github.com/rust-lang/crates.io-index"

[[package]]
name = "libsodium-sys"
version = "0.0.15"
source = "registry+https://github.com/rust-lang/crates.io-index"
dependencies = [
 "libc 0.2.28 (registry+https://github.com/rust-lang/crates.io-index)",
 "pkg-config 0.3.9 (registry+https://github.com/rust-lang/crates.io-index)",
]

[[package]]
name = "linked-hash-map"
version = "0.3.0"
source = "registry+https://github.com/rust-lang/crates.io-index"

[[package]]
name = "linked-hash-map"
version = "0.4.2"
source = "registry+https://github.com/rust-lang/crates.io-index"

[[package]]
name = "log"
version = "0.3.8"
source = "registry+https://github.com/rust-lang/crates.io-index"

[[package]]
name = "magenta"
version = "0.1.1"
source = "registry+https://github.com/rust-lang/crates.io-index"
dependencies = [
 "conv 0.3.3 (registry+https://github.com/rust-lang/crates.io-index)",
 "magenta-sys 0.1.1 (registry+https://github.com/rust-lang/crates.io-index)",
]

[[package]]
name = "magenta-sys"
version = "0.1.1"
source = "registry+https://github.com/rust-lang/crates.io-index"
dependencies = [
 "bitflags 0.7.0 (registry+https://github.com/rust-lang/crates.io-index)",
]

[[package]]
name = "memchr"
version = "1.0.1"
source = "registry+https://github.com/rust-lang/crates.io-index"
dependencies = [
 "libc 0.2.28 (registry+https://github.com/rust-lang/crates.io-index)",
]

[[package]]
name = "mmap"
version = "0.1.1"
source = "registry+https://github.com/rust-lang/crates.io-index"
dependencies = [
 "libc 0.1.12 (registry+https://github.com/rust-lang/crates.io-index)",
 "tempdir 0.3.5 (registry+https://github.com/rust-lang/crates.io-index)",
]

[[package]]
name = "murmurhash3"
version = "0.0.5"
source = "registry+https://github.com/rust-lang/crates.io-index"

[[package]]
name = "num"
version = "0.1.40"
source = "registry+https://github.com/rust-lang/crates.io-index"
dependencies = [
 "num-integer 0.1.35 (registry+https://github.com/rust-lang/crates.io-index)",
 "num-iter 0.1.34 (registry+https://github.com/rust-lang/crates.io-index)",
 "num-traits 0.1.40 (registry+https://github.com/rust-lang/crates.io-index)",
]

[[package]]
name = "num-integer"
version = "0.1.35"
source = "registry+https://github.com/rust-lang/crates.io-index"
dependencies = [
 "num-traits 0.1.40 (registry+https://github.com/rust-lang/crates.io-index)",
]

[[package]]
name = "num-iter"
version = "0.1.34"
source = "registry+https://github.com/rust-lang/crates.io-index"
dependencies = [
 "num-integer 0.1.35 (registry+https://github.com/rust-lang/crates.io-index)",
 "num-traits 0.1.40 (registry+https://github.com/rust-lang/crates.io-index)",
]

[[package]]
name = "num-traits"
version = "0.1.40"
source = "registry+https://github.com/rust-lang/crates.io-index"

[[package]]
name = "pbr"
version = "1.0.0"
source = "registry+https://github.com/rust-lang/crates.io-index"
dependencies = [
 "kernel32-sys 0.2.2 (registry+https://github.com/rust-lang/crates.io-index)",
 "libc 0.2.28 (registry+https://github.com/rust-lang/crates.io-index)",
 "time 0.1.38 (registry+https://github.com/rust-lang/crates.io-index)",
 "winapi 0.2.8 (registry+https://github.com/rust-lang/crates.io-index)",
]

[[package]]
name = "pkg-config"
version = "0.3.9"
source = "registry+https://github.com/rust-lang/crates.io-index"

[[package]]
name = "quick-error"
version = "1.2.0"
source = "registry+https://github.com/rust-lang/crates.io-index"

[[package]]
name = "rand"
version = "0.3.16"
source = "registry+https://github.com/rust-lang/crates.io-index"
dependencies = [
 "libc 0.2.28 (registry+https://github.com/rust-lang/crates.io-index)",
 "magenta 0.1.1 (registry+https://github.com/rust-lang/crates.io-index)",
]

[[package]]
name = "redox_syscall"
version = "0.1.28"
source = "registry+https://github.com/rust-lang/crates.io-index"

[[package]]
name = "regex"
version = "0.2.2"
source = "registry+https://github.com/rust-lang/crates.io-index"
dependencies = [
 "aho-corasick 0.6.3 (registry+https://github.com/rust-lang/crates.io-index)",
 "memchr 1.0.1 (registry+https://github.com/rust-lang/crates.io-index)",
 "regex-syntax 0.4.1 (registry+https://github.com/rust-lang/crates.io-index)",
 "thread_local 0.3.4 (registry+https://github.com/rust-lang/crates.io-index)",
 "utf8-ranges 1.0.0 (registry+https://github.com/rust-lang/crates.io-index)",
]

[[package]]
name = "regex-syntax"
version = "0.4.1"
source = "registry+https://github.com/rust-lang/crates.io-index"

[[package]]
name = "rmp"
version = "0.8.6"
source = "registry+https://github.com/rust-lang/crates.io-index"
dependencies = [
 "byteorder 1.1.0 (registry+https://github.com/rust-lang/crates.io-index)",
 "num-traits 0.1.40 (registry+https://github.com/rust-lang/crates.io-index)",
]

[[package]]
name = "rmp-serde"
version = "0.13.5"
source = "registry+https://github.com/rust-lang/crates.io-index"
dependencies = [
 "byteorder 1.1.0 (registry+https://github.com/rust-lang/crates.io-index)",
 "rmp 0.8.6 (registry+https://github.com/rust-lang/crates.io-index)",
 "serde 1.0.11 (registry+https://github.com/rust-lang/crates.io-index)",
]

[[package]]
name = "serde"
version = "1.0.11"
source = "registry+https://github.com/rust-lang/crates.io-index"

[[package]]
name = "serde_bytes"
version = "0.10.1"
source = "registry+https://github.com/rust-lang/crates.io-index"
dependencies = [
 "serde 1.0.11 (registry+https://github.com/rust-lang/crates.io-index)",
]

[[package]]
name = "serde_utils"
version = "0.6.0"
source = "registry+https://github.com/rust-lang/crates.io-index"
dependencies = [
 "serde 1.0.11 (registry+https://github.com/rust-lang/crates.io-index)",
 "serde_bytes 0.10.1 (registry+https://github.com/rust-lang/crates.io-index)",
]

[[package]]
name = "serde_yaml"
version = "0.7.1"
source = "registry+https://github.com/rust-lang/crates.io-index"
dependencies = [
 "linked-hash-map 0.4.2 (registry+https://github.com/rust-lang/crates.io-index)",
 "num-traits 0.1.40 (registry+https://github.com/rust-lang/crates.io-index)",
 "serde 1.0.11 (registry+https://github.com/rust-lang/crates.io-index)",
 "yaml-rust 0.3.5 (registry+https://github.com/rust-lang/crates.io-index)",
]

[[package]]
name = "sodiumoxide"
version = "0.0.15"
source = "registry+https://github.com/rust-lang/crates.io-index"
dependencies = [
 "libc 0.2.28 (registry+https://github.com/rust-lang/crates.io-index)",
 "libsodium-sys 0.0.15 (registry+https://github.com/rust-lang/crates.io-index)",
 "serde 1.0.11 (registry+https://github.com/rust-lang/crates.io-index)",
]

[[package]]
name = "squash-sys"
version = "0.9.0"
source = "registry+https://github.com/rust-lang/crates.io-index"
dependencies = [
 "bitflags 0.7.0 (registry+https://github.com/rust-lang/crates.io-index)",
 "libc 0.2.28 (registry+https://github.com/rust-lang/crates.io-index)",
 "pkg-config 0.3.9 (registry+https://github.com/rust-lang/crates.io-index)",
]

[[package]]
name = "strsim"
version = "0.6.0"
source = "registry+https://github.com/rust-lang/crates.io-index"

[[package]]
name = "tar"
version = "0.4.13"
source = "registry+https://github.com/rust-lang/crates.io-index"
dependencies = [
 "filetime 0.1.10 (registry+https://github.com/rust-lang/crates.io-index)",
 "libc 0.2.28 (registry+https://github.com/rust-lang/crates.io-index)",
 "xattr 0.1.11 (registry+https://github.com/rust-lang/crates.io-index)",
]

[[package]]
name = "tempdir"
version = "0.3.5"
source = "registry+https://github.com/rust-lang/crates.io-index"
dependencies = [
 "rand 0.3.16 (registry+https://github.com/rust-lang/crates.io-index)",
]

[[package]]
name = "term_size"
version = "0.3.0"
source = "registry+https://github.com/rust-lang/crates.io-index"
dependencies = [
 "kernel32-sys 0.2.2 (registry+https://github.com/rust-lang/crates.io-index)",
 "libc 0.2.28 (registry+https://github.com/rust-lang/crates.io-index)",
 "winapi 0.2.8 (registry+https://github.com/rust-lang/crates.io-index)",
]

[[package]]
name = "textwrap"
version = "0.7.0"
source = "registry+https://github.com/rust-lang/crates.io-index"
dependencies = [
 "term_size 0.3.0 (registry+https://github.com/rust-lang/crates.io-index)",
 "unicode-width 0.1.4 (registry+https://github.com/rust-lang/crates.io-index)",
]

[[package]]
name = "thread-scoped"
version = "1.0.2"
source = "registry+https://github.com/rust-lang/crates.io-index"

[[package]]
name = "thread_local"
version = "0.3.4"
source = "registry+https://github.com/rust-lang/crates.io-index"
dependencies = [
 "lazy_static 0.2.8 (registry+https://github.com/rust-lang/crates.io-index)",
 "unreachable 1.0.0 (registry+https://github.com/rust-lang/crates.io-index)",
]

[[package]]
name = "time"
version = "0.1.38"
source = "registry+https://github.com/rust-lang/crates.io-index"
dependencies = [
 "kernel32-sys 0.2.2 (registry+https://github.com/rust-lang/crates.io-index)",
 "libc 0.2.28 (registry+https://github.com/rust-lang/crates.io-index)",
 "redox_syscall 0.1.28 (registry+https://github.com/rust-lang/crates.io-index)",
 "winapi 0.2.8 (registry+https://github.com/rust-lang/crates.io-index)",
]

[[package]]
name = "unicode-segmentation"
version = "1.2.0"
source = "registry+https://github.com/rust-lang/crates.io-index"

[[package]]
name = "unicode-width"
version = "0.1.4"
source = "registry+https://github.com/rust-lang/crates.io-index"

[[package]]
name = "unreachable"
version = "1.0.0"
source = "registry+https://github.com/rust-lang/crates.io-index"
dependencies = [
 "void 1.0.2 (registry+https://github.com/rust-lang/crates.io-index)",
]

[[package]]
name = "users"
version = "0.5.2"
source = "registry+https://github.com/rust-lang/crates.io-index"
dependencies = [
 "libc 0.2.28 (registry+https://github.com/rust-lang/crates.io-index)",
]

[[package]]
name = "utf8-ranges"
version = "1.0.0"
source = "registry+https://github.com/rust-lang/crates.io-index"

[[package]]
name = "vec_map"
version = "0.8.0"
source = "registry+https://github.com/rust-lang/crates.io-index"

[[package]]
name = "void"
version = "1.0.2"
source = "registry+https://github.com/rust-lang/crates.io-index"

[[package]]
name = "winapi"
version = "0.2.8"
source = "registry+https://github.com/rust-lang/crates.io-index"

[[package]]
name = "winapi-build"
version = "0.1.1"
source = "registry+https://github.com/rust-lang/crates.io-index"

[[package]]
name = "xattr"
version = "0.1.11"
source = "registry+https://github.com/rust-lang/crates.io-index"
dependencies = [
 "libc 0.2.28 (registry+https://github.com/rust-lang/crates.io-index)",
]

[[package]]
name = "xattr"
version = "0.2.1"
source = "registry+https://github.com/rust-lang/crates.io-index"
dependencies = [
 "libc 0.2.28 (registry+https://github.com/rust-lang/crates.io-index)",
]

[[package]]
name = "yaml-rust"
version = "0.3.5"
source = "registry+https://github.com/rust-lang/crates.io-index"
dependencies = [
 "linked-hash-map 0.3.0 (registry+https://github.com/rust-lang/crates.io-index)",
]

[[package]]
name = "zvault"
version = "0.4.0"
dependencies = [
 "ansi_term 0.9.0 (registry+https://github.com/rust-lang/crates.io-index)",
 "blake2-rfc 0.2.17 (registry+https://github.com/rust-lang/crates.io-index)",
 "byteorder 1.1.0 (registry+https://github.com/rust-lang/crates.io-index)",
 "chrono 0.4.0 (registry+https://github.com/rust-lang/crates.io-index)",
 "chunking 0.1.0",
 "clap 2.26.0 (registry+https://github.com/rust-lang/crates.io-index)",
 "crossbeam 0.2.10 (registry+https://github.com/rust-lang/crates.io-index)",
 "filetime 0.1.10 (registry+https://github.com/rust-lang/crates.io-index)",
 "fuse 0.3.0 (registry+https://github.com/rust-lang/crates.io-index)",
 "index 0.1.0",
 "lazy_static 0.2.8 (registry+https://github.com/rust-lang/crates.io-index)",
 "libc 0.2.28 (registry+https://github.com/rust-lang/crates.io-index)",
 "libsodium-sys 0.0.15 (registry+https://github.com/rust-lang/crates.io-index)",
 "log 0.3.8 (registry+https://github.com/rust-lang/crates.io-index)",
 "murmurhash3 0.0.5 (registry+https://github.com/rust-lang/crates.io-index)",
 "pbr 1.0.0 (registry+https://github.com/rust-lang/crates.io-index)",
 "pkg-config 0.3.9 (registry+https://github.com/rust-lang/crates.io-index)",
 "quick-error 1.2.0 (registry+https://github.com/rust-lang/crates.io-index)",
 "rand 0.3.16 (registry+https://github.com/rust-lang/crates.io-index)",
 "regex 0.2.2 (registry+https://github.com/rust-lang/crates.io-index)",
 "rmp-serde 0.13.5 (registry+https://github.com/rust-lang/crates.io-index)",
 "serde 1.0.11 (registry+https://github.com/rust-lang/crates.io-index)",
 "serde_bytes 0.10.1 (registry+https://github.com/rust-lang/crates.io-index)",
 "serde_utils 0.6.0 (registry+https://github.com/rust-lang/crates.io-index)",
 "serde_yaml 0.7.1 (registry+https://github.com/rust-lang/crates.io-index)",
 "sodiumoxide 0.0.15 (registry+https://github.com/rust-lang/crates.io-index)",
 "squash-sys 0.9.0 (registry+https://github.com/rust-lang/crates.io-index)",
 "tar 0.4.13 (registry+https://github.com/rust-lang/crates.io-index)",
 "time 0.1.38 (registry+https://github.com/rust-lang/crates.io-index)",
 "users 0.5.2 (registry+https://github.com/rust-lang/crates.io-index)",
 "xattr 0.2.1 (registry+https://github.com/rust-lang/crates.io-index)",
]

[metadata]
"checksum aho-corasick 0.6.3 (registry+https://github.com/rust-lang/crates.io-index)" = "500909c4f87a9e52355b26626d890833e9e1d53ac566db76c36faa984b889699"
"checksum ansi_term 0.9.0 (registry+https://github.com/rust-lang/crates.io-index)" = "23ac7c30002a5accbf7e8987d0632fa6de155b7c3d39d0067317a391e00a2ef6"
"checksum atty 0.2.2 (registry+https://github.com/rust-lang/crates.io-index)" = "d912da0db7fa85514874458ca3651fe2cddace8d0b0505571dbdcd41ab490159"
"checksum bitflags 0.7.0 (registry+https://github.com/rust-lang/crates.io-index)" = "aad18937a628ec6abcd26d1489012cc0e18c21798210f491af69ded9b881106d"
"checksum bitflags 0.9.1 (registry+https://github.com/rust-lang/crates.io-index)" = "4efd02e230a02e18f92fc2735f44597385ed02ad8f831e7c1c1156ee5e1ab3a5"
"checksum blake2-rfc 0.2.17 (registry+https://github.com/rust-lang/crates.io-index)" = "0c6a476f32fef3402f1161f89d0d39822809627754a126f8441ff2a9d45e2d59"
"checksum byteorder 1.1.0 (registry+https://github.com/rust-lang/crates.io-index)" = "ff81738b726f5d099632ceaffe7fb65b90212e8dce59d518729e7e8634032d3d"
"checksum chrono 0.4.0 (registry+https://github.com/rust-lang/crates.io-index)" = "7c20ebe0b2b08b0aeddba49c609fe7957ba2e33449882cb186a180bc60682fa9"
"checksum clap 2.26.0 (registry+https://github.com/rust-lang/crates.io-index)" = "2267a8fdd4dce6956ba6649e130f62fb279026e5e84b92aa939ac8f85ce3f9f0"
"checksum constant_time_eq 0.1.2 (registry+https://github.com/rust-lang/crates.io-index)" = "07dcb7959f0f6f1cf662f9a7ff389bcb919924d99ac41cf31f10d611d8721323"
"checksum conv 0.3.3 (registry+https://github.com/rust-lang/crates.io-index)" = "78ff10625fd0ac447827aa30ea8b861fead473bb60aeb73af6c1c58caf0d1299"
"checksum crossbeam 0.2.10 (registry+https://github.com/rust-lang/crates.io-index)" = "0c5ea215664ca264da8a9d9c3be80d2eaf30923c259d03e870388eb927508f97"
"checksum custom_derive 0.1.7 (registry+https://github.com/rust-lang/crates.io-index)" = "ef8ae57c4978a2acd8b869ce6b9ca1dfe817bff704c220209fdef2c0b75a01b9"
"checksum filetime 0.1.10 (registry+https://github.com/rust-lang/crates.io-index)" = "5363ab8e4139b8568a6237db5248646e5a8a2f89bd5ccb02092182b11fd3e922"
"checksum fuse 0.3.0 (registry+https://github.com/rust-lang/crates.io-index)" = "5087262ce5b36fed6ccd4abf0a8224e48d055a2bb07fecb5605765de6f114a28"
"checksum kernel32-sys 0.2.2 (registry+https://github.com/rust-lang/crates.io-index)" = "7507624b29483431c0ba2d82aece8ca6cdba9382bff4ddd0f7490560c056098d"
"checksum lazy_static 0.2.8 (registry+https://github.com/rust-lang/crates.io-index)" = "3b37545ab726dd833ec6420aaba8231c5b320814b9029ad585555d2a03e94fbf"
"checksum libc 0.1.12 (registry+https://github.com/rust-lang/crates.io-index)" = "e32a70cf75e5846d53a673923498228bbec6a8624708a9ea5645f075d6276122"
"checksum libc 0.2.28 (registry+https://github.com/rust-lang/crates.io-index)" = "bb7b49972ee23d8aa1026c365a5b440ba08e35075f18c459980c7395c221ec48"
"checksum libsodium-sys 0.0.15 (registry+https://github.com/rust-lang/crates.io-index)" = "45e6d6bd0f1b72068272e1689693e3218f192221fae7a2046081f60035540df8"
"checksum linked-hash-map 0.3.0 (registry+https://github.com/rust-lang/crates.io-index)" = "6d262045c5b87c0861b3f004610afd0e2c851e2908d08b6c870cbb9d5f494ecd"
"checksum linked-hash-map 0.4.2 (registry+https://github.com/rust-lang/crates.io-index)" = "7860ec297f7008ff7a1e3382d7f7e1dcd69efc94751a2284bafc3d013c2aa939"
"checksum log 0.3.8 (registry+https://github.com/rust-lang/crates.io-index)" = "880f77541efa6e5cc74e76910c9884d9859683118839d6a1dc3b11e63512565b"
"checksum magenta 0.1.1 (registry+https://github.com/rust-lang/crates.io-index)" = "4bf0336886480e671965f794bc9b6fce88503563013d1bfb7a502c81fe3ac527"
"checksum magenta-sys 0.1.1 (registry+https://github.com/rust-lang/crates.io-index)" = "40d014c7011ac470ae28e2f76a02bfea4a8480f73e701353b49ad7a8d75f4699"
"checksum memchr 1.0.1 (registry+https://github.com/rust-lang/crates.io-index)" = "1dbccc0e46f1ea47b9f17e6d67c5a96bd27030519c519c9c91327e31275a47b4"
"checksum mmap 0.1.1 (registry+https://github.com/rust-lang/crates.io-index)" = "0bc85448a6006dd2ba26a385a564a8a0f1f2c7e78c70f1a70b2e0f4af286b823"
"checksum murmurhash3 0.0.5 (registry+https://github.com/rust-lang/crates.io-index)" = "a2983372caf4480544083767bf2d27defafe32af49ab4df3a0b7fc90793a3664"
"checksum num 0.1.40 (registry+https://github.com/rust-lang/crates.io-index)" = "a311b77ebdc5dd4cf6449d81e4135d9f0e3b153839ac90e648a8ef538f923525"
"checksum num-integer 0.1.35 (registry+https://github.com/rust-lang/crates.io-index)" = "d1452e8b06e448a07f0e6ebb0bb1d92b8890eea63288c0b627331d53514d0fba"
"checksum num-iter 0.1.34 (registry+https://github.com/rust-lang/crates.io-index)" = "7485fcc84f85b4ecd0ea527b14189281cf27d60e583ae65ebc9c088b13dffe01"
"checksum num-traits 0.1.40 (registry+https://github.com/rust-lang/crates.io-index)" = "99843c856d68d8b4313b03a17e33c4bb42ae8f6610ea81b28abe076ac721b9b0"
"checksum pbr 1.0.0 (registry+https://github.com/rust-lang/crates.io-index)" = "e048e3afebb6c454bb1c5d0fe73fda54698b4715d78ed8e7302447c37736d23a"
"checksum pkg-config 0.3.9 (registry+https://github.com/rust-lang/crates.io-index)" = "3a8b4c6b8165cd1a1cd4b9b120978131389f64bdaf456435caa41e630edba903"
"checksum quick-error 1.2.0 (registry+https://github.com/rust-lang/crates.io-index)" = "3c36987d4978eb1be2e422b1e0423a557923a5c3e7e6f31d5699e9aafaefa469"
"checksum rand 0.3.16 (registry+https://github.com/rust-lang/crates.io-index)" = "eb250fd207a4729c976794d03db689c9be1d634ab5a1c9da9492a13d8fecbcdf"
"checksum redox_syscall 0.1.28 (registry+https://github.com/rust-lang/crates.io-index)" = "ddab7acd8e7bf3e49dfdf78ac1209b992329eb2f66e0bf672ab49c70a76d1d68"
"checksum regex 0.2.2 (registry+https://github.com/rust-lang/crates.io-index)" = "1731164734096285ec2a5ec7fea5248ae2f5485b3feeb0115af4fda2183b2d1b"
"checksum regex-syntax 0.4.1 (registry+https://github.com/rust-lang/crates.io-index)" = "ad890a5eef7953f55427c50575c680c42841653abd2b028b68cd223d157f62db"
"checksum rmp 0.8.6 (registry+https://github.com/rust-lang/crates.io-index)" = "7ce560a5728f4eec697f07f8d7fa20608893d44b4f5b8f9f5f51a2987f3cffe2"
"checksum rmp-serde 0.13.5 (registry+https://github.com/rust-lang/crates.io-index)" = "dbb19882ba4aa5fbd0e5dc5f1550a4195c36f2ff02353e26b2c94dd255982e97"
"checksum serde 1.0.11 (registry+https://github.com/rust-lang/crates.io-index)" = "f7726f29ddf9731b17ff113c461e362c381d9d69433f79de4f3dd572488823e9"
"checksum serde_bytes 0.10.1 (registry+https://github.com/rust-lang/crates.io-index)" = "12b8ae62bf2de9844de7506deb95667943b156ac18136a5c8124cb2ac0c51e19"
"checksum serde_utils 0.6.0 (registry+https://github.com/rust-lang/crates.io-index)" = "f6e0edb364c93646633800df969086bc7c5c25fb3f1eb57349990d1cb4cae4bc"
"checksum serde_yaml 0.7.1 (registry+https://github.com/rust-lang/crates.io-index)" = "49d983aa39d2884a4b422bb11bb38f4f48fa05186e17469bc31e47d01e381111"
"checksum sodiumoxide 0.0.15 (registry+https://github.com/rust-lang/crates.io-index)" = "769317362b6ba15fe135147c9ea97dc773c76a312a5b91282dea27bcfed3596c"
"checksum squash-sys 0.9.0 (registry+https://github.com/rust-lang/crates.io-index)" = "db1f9dde91d819b7746e153bc32489fa19e6a106c3d7f2b92187a4efbdc88b40"
"checksum strsim 0.6.0 (registry+https://github.com/rust-lang/crates.io-index)" = "b4d15c810519a91cf877e7e36e63fe068815c678181439f2f29e2562147c3694"
"checksum tar 0.4.13 (registry+https://github.com/rust-lang/crates.io-index)" = "281285b717926caa919ad905ef89c63d75805c7d89437fb873100925a53f2b1b"
"checksum tempdir 0.3.5 (registry+https://github.com/rust-lang/crates.io-index)" = "87974a6f5c1dfb344d733055601650059a3363de2a6104819293baff662132d6"
"checksum term_size 0.3.0 (registry+https://github.com/rust-lang/crates.io-index)" = "e2b6b55df3198cc93372e85dd2ed817f0e38ce8cc0f22eb32391bfad9c4bf209"
"checksum textwrap 0.7.0 (registry+https://github.com/rust-lang/crates.io-index)" = "f728584ea33b0ad19318e20557cb0a39097751dbb07171419673502f848c7af6"
"checksum thread-scoped 1.0.2 (registry+https://github.com/rust-lang/crates.io-index)" = "bcbb6aa301e5d3b0b5ef639c9a9c7e2f1c944f177b460c04dc24c69b1fa2bd99"
"checksum thread_local 0.3.4 (registry+https://github.com/rust-lang/crates.io-index)" = "1697c4b57aeeb7a536b647165a2825faddffb1d3bad386d507709bd51a90bb14"
"checksum time 0.1.38 (registry+https://github.com/rust-lang/crates.io-index)" = "d5d788d3aa77bc0ef3e9621256885555368b47bd495c13dd2e7413c89f845520"
"checksum unicode-segmentation 1.2.0 (registry+https://github.com/rust-lang/crates.io-index)" = "a8083c594e02b8ae1654ae26f0ade5158b119bd88ad0e8227a5d8fcd72407946"
"checksum unicode-width 0.1.4 (registry+https://github.com/rust-lang/crates.io-index)" = "bf3a113775714a22dcb774d8ea3655c53a32debae63a063acc00a91cc586245f"
"checksum unreachable 1.0.0 (registry+https://github.com/rust-lang/crates.io-index)" = "382810877fe448991dfc7f0dd6e3ae5d58088fd0ea5e35189655f84e6814fa56"
"checksum users 0.5.2 (registry+https://github.com/rust-lang/crates.io-index)" = "a7ae8fdf783cb9652109c99886459648feb92ecc749e6b8e7930f6decba74c7c"
"checksum utf8-ranges 1.0.0 (registry+https://github.com/rust-lang/crates.io-index)" = "662fab6525a98beff2921d7f61a39e7d59e0b425ebc7d0d9e66d316e55124122"
"checksum vec_map 0.8.0 (registry+https://github.com/rust-lang/crates.io-index)" = "887b5b631c2ad01628bbbaa7dd4c869f80d3186688f8d0b6f58774fbe324988c"
"checksum void 1.0.2 (registry+https://github.com/rust-lang/crates.io-index)" = "6a02e4885ed3bc0f2de90ea6dd45ebcbb66dacffe03547fadbb0eeae2770887d"
"checksum winapi 0.2.8 (registry+https://github.com/rust-lang/crates.io-index)" = "167dc9d6949a9b857f3451275e911c3f44255842c1f7a76f33c55103a909087a"
"checksum winapi-build 0.1.1 (registry+https://github.com/rust-lang/crates.io-index)" = "2d315eee3b34aca4797b2da6b13ed88266e6d612562a0c46390af8299fc699bc"
"checksum xattr 0.1.11 (registry+https://github.com/rust-lang/crates.io-index)" = "5f04de8a1346489a2f9e9bd8526b73d135ec554227b17568456e86aa35b6f3fc"
"checksum xattr 0.2.1 (registry+https://github.com/rust-lang/crates.io-index)" = "abb373b92de38a4301d66bec009929b4fb83120ea1c4a401be89dbe0b9777443"
"checksum yaml-rust 0.3.5 (registry+https://github.com/rust-lang/crates.io-index)" = "e66366e18dc58b46801afbf2ca7661a9f59cc8c5962c29892b6039b4f86fa992"
